
Microsoft Visual Studio Solution File, Format Version 12.00
# Visual Studio Version 17
VisualStudioVersion = 17.6.33712.159
MinimumVisualStudioVersion = 10.0.40219.1
Project("{9A19103F-16F7-4668-BE54-9A1E7A4F7556}") = "Pizza", "Pizza\Pizza.csproj", "{440C421F-1649-47A8-9C6C-3338467ACAE1}"
EndProject
Project("{9A19103F-16F7-4668-BE54-9A1E7A4F7556}") = "UnitTests", "UnitTests\UnitTests.csproj", "{F33C9CE0-ACBE-401C-863C-73536872469E}"
EndProject
Global
	GlobalSection(SolutionConfigurationPlatforms) = preSolution
		Debug|Any CPU = Debug|Any CPU
		Release|Any CPU = Release|Any CPU
	EndGlobalSection
	GlobalSection(ProjectConfigurationPlatforms) = postSolution
		{440C421F-1649-47A8-9C6C-3338467ACAE1}.Debug|Any CPU.ActiveCfg = Debug|Any CPU
		{440C421F-1649-47A8-9C6C-3338467ACAE1}.Debug|Any CPU.Build.0 = Debug|Any CPU
		{440C421F-1649-47A8-9C6C-3338467ACAE1}.Release|Any CPU.ActiveCfg = Release|Any CPU
		{440C421F-1649-47A8-9C6C-3338467ACAE1}.Release|Any CPU.Build.0 = Release|Any CPU
		{F33C9CE0-ACBE-401C-863C-73536872469E}.Debug|Any CPU.ActiveCfg = Debug|Any CPU
		{F33C9CE0-ACBE-401C-863C-73536872469E}.Debug|Any CPU.Build.0 = Debug|Any CPU
		{F33C9CE0-ACBE-401C-863C-73536872469E}.Release|Any CPU.ActiveCfg = Release|Any CPU
		{F33C9CE0-ACBE-401C-863C-73536872469E}.Release|Any CPU.Build.0 = Release|Any CPU
	EndGlobalSection
	GlobalSection(SolutionProperties) = preSolution
		HideSolutionNode = FALSE
	EndGlobalSection
	GlobalSection(ExtensibilityGlobals) = postSolution
		SolutionGuid = {1D38B274-5DE6-40B6-8995-0F54851BE8B1}
	EndGlobalSection
EndGlobal
